{
  "name": "cycloclan-near",
  "version": "1.0.0",
  "lockfileVersion": 2,
  "requires": true,
  "packages": {
    "": {
      "name": "cycloclan-near",
      "version": "1.0.0",
      "license": "ISC",
      "devDependencies": {
        "near-units": "^0.1.9"
      }
    },
    "node_modules/bn.js": {
      "version": "5.2.1",
      "resolved": "https://registry.npmjs.org/bn.js/-/bn.js-5.2.1.tgz",
      "integrity": "sha512-eXRvHzWyYPBuB4NBy0cmYQjGitUrtqwbvlzP3G6VFnNRbsZQIxQ10PbKKHt8gZ/HW/D/747aDl+QkDqg3KQLMQ==",
      "dev": true
    },
    "node_modules/near-units": {
      "version": "0.1.9",
      "resolved": "https://registry.npmjs.org/near-units/-/near-units-0.1.9.tgz",
      "integrity": "sha512-xiuBjpNsi+ywiu7P6iWRZdgFm7iCr/cfWlVO6+e5uaAqH4mE1rrurElyrL91llNDSnMwogd9XmlZOw5KbbHNsA==",
      "dev": true,
      "dependencies": {
        "bn.js": "^5.2.0"
      },
      "bin": {
        "near-units": "dist/cli.js"
      }
    }
  },
  "dependencies": {
    "bn.js": {
      "version": "5.2.1",
      "resolved": "https://registry.npmjs.org/bn.js/-/bn.js-5.2.1.tgz",
      "integrity": "sha512-eXRvHzWyYPBuB4NBy0cmYQjGitUrtqwbvlzP3G6VFnNRbsZQIxQ10PbKKHt8gZ/HW/D/747aDl+QkDqg3KQLMQ==",
      "dev": true
    },
    "near-units": {
      "version": "0.1.9",
      "resolved": "https://registry.npmjs.org/near-units/-/near-units-0.1.9.tgz",
      "integrity": "sha512-xiuBjpNsi+ywiu7P6iWRZdgFm7iCr/cfWlVO6+e5uaAqH4mE1rrurElyrL91llNDSnMwogd9XmlZOw5KbbHNsA==",
      "dev": true,
      "requires": {
        "bn.js": "^5.2.0"
      }
    }
  }
}
